// !$*UTF8*$!
{
	archiveVersion = 1;
	classes = {
	};
	objectVersion = 56;
	objects = {

/* Begin PBXBuildFile section */
		F2737FFD2CF3933400C02529 /* BeReal_Clone_Part2App.swift in Sources */ = {isa = PBXBuildFile; fileRef = F2737FFC2CF3933400C02529 /* BeReal_Clone_Part2App.swift */; };
		F2737FFF2CF3933400C02529 /* ContentView.swift in Sources */ = {isa = PBXBuildFile; fileRef = F2737FFE2CF3933400C02529 /* ContentView.swift */; };
		F27380012CF3933600C02529 /* Assets.xcassets in Resources */ = {isa = PBXBuildFile; fileRef = F27380002CF3933600C02529 /* Assets.xcassets */; };
		F27380042CF3933600C02529 /* Preview Assets.xcassets in Resources */ = {isa = PBXBuildFile; fileRef = F27380032CF3933600C02529 /* Preview Assets.xcassets */; };
		F273800B2CF3935800C02529 /* PostViewController.swift in Sources */ = {isa = PBXBuildFile; fileRef = F273800A2CF3935800C02529 /* PostViewController.swift */; };
		F273800D2CF393A200C02529 /* FeedViewController.swift in Sources */ = {isa = PBXBuildFile; fileRef = F273800C2CF393A200C02529 /* FeedViewController.swift */; };
		F273800F2CF393BE00C02529 /* PostCell.swift in Sources */ = {isa = PBXBuildFile; fileRef = F273800E2CF393BE00C02529 /* PostCell.swift */; };
		F27380112CF393DA00C02529 /* User.swift in Sources */ = {isa = PBXBuildFile; fileRef = F27380102CF393DA00C02529 /* User.swift */; };
		F27380132CF3941000C02529 /* Post.swift in Sources */ = {isa = PBXBuildFile; fileRef = F27380122CF3941000C02529 /* Post.swift */; };
		F27380152CF3942E00C02529 /* LocationManager.swift in Sources */ = {isa = PBXBuildFile; fileRef = F27380142CF3942E00C02529 /* LocationManager.swift */; };
		F27380172CF3946100C02529 /* NotificationManager.swift in Sources */ = {isa = PBXBuildFile; fileRef = F27380162CF3946100C02529 /* NotificationManager.swift */; };
		F273801A2CF394FF00C02529 /* ParseSwift in Frameworks */ = {isa = PBXBuildFile; productRef = F27380192CF394FF00C02529 /* ParseSwift */; };
/* End PBXBuildFile section */

/* Begin PBXFileReference section */
		F2737FF92CF3933400C02529 /* BeReal_Clone_Part2.app */ = {isa = PBXFileReference; explicitFileType = wrapper.application; includeInIndex = 0; path = BeReal_Clone_Part2.app; sourceTree = BUILT_PRODUCTS_DIR; };
		F2737FFC2CF3933400C02529 /* BeReal_Clone_Part2App.swift */ = {isa = PBXFileReference; lastKnownFileType = sourcecode.swift; path = BeReal_Clone_Part2App.swift; sourceTree = "<group>"; };
		F2737FFE2CF3933400C02529 /* ContentView.swift */ = {isa = PBXFileReference; lastKnownFileType = sourcecode.swift; path = ContentView.swift; sourceTree = "<group>"; };
		F27380002CF3933600C02529 /* Assets.xcassets */ = {isa = PBXFileReference; lastKnownFileType = folder.assetcatalog; path = Assets.xcassets; sourceTree = "<group>"; };
		F27380032CF3933600C02529 /* Preview Assets.xcassets */ = {isa = PBXFileReference; lastKnownFileType = folder.assetcatalog; path = "Preview Assets.xcassets"; sourceTree = "<group>"; };
		F273800A2CF3935800C02529 /* PostViewController.swift */ = {isa = PBXFileReference; lastKnownFileType = sourcecode.swift; path = PostViewController.swift; sourceTree = "<group>"; };
		F273800C2CF393A200C02529 /* FeedViewController.swift */ = {isa = PBXFileReference; lastKnownFileType = sourcecode.swift; path = FeedViewController.swift; sourceTree = "<group>"; };
		F273800E2CF393BE00C02529 /* PostCell.swift */ = {isa = PBXFileReference; lastKnownFileType = sourcecode.swift; path = PostCell.swift; sourceTree = "<group>"; };
		F27380102CF393DA00C02529 /* User.swift */ = {isa = PBXFileReference; lastKnownFileType = sourcecode.swift; path = User.swift; sourceTree = "<group>"; };
		F27380122CF3941000C02529 /* Post.swift */ = {isa = PBXFileReference; lastKnownFileType = sourcecode.swift; path = Post.swift; sourceTree = "<group>"; };
		F27380142CF3942E00C02529 /* LocationManager.swift */ = {isa = PBXFileReference; lastKnownFileType = sourcecode.swift; path = LocationManager.swift; sourceTree = "<group>"; };
		F27380162CF3946100C02529 /* NotificationManager.swift */ = {isa = PBXFileReference; lastKnownFileType = sourcecode.swift; path = NotificationManager.swift; sourceTree = "<group>"; };
/* End PBXFileReference section */

/* Begin PBXFrameworksBuildPhase section */
		F2737FF62CF3933400C02529 /* Frameworks */ = {
			isa = PBXFrameworksBuildPhase;
			buildActionMask = 2147483647;
			files = (
				F273801A2CF394FF00C02529 /* ParseSwift in Frameworks */,
			);
			runOnlyForDeploymentPostprocessing = 0;
		};
/* End PBXFrameworksBuildPhase section */

/* Begin PBXGroup section */
		F2737FF02CF3933400C02529 = {
			isa = PBXGroup;
			children = (
				F27380162CF3946100C02529 /* NotificationManager.swift */,
				F27380142CF3942E00C02529 /* LocationManager.swift */,
				F27380122CF3941000C02529 /* Post.swift */,
				F27380102CF393DA00C02529 /* User.swift */,
				F273800E2CF393BE00C02529 /* PostCell.swift */,
				F273800C2CF393A200C02529 /* FeedViewController.swift */,
				F273800A2CF3935800C02529 /* PostViewController.swift */,
				F2737FFB2CF3933400C02529 /* BeReal_Clone_Part2 */,
				F2737FFA2CF3933400C02529 /* Products */,
			);
			sourceTree = "<group>";
		};
		F2737FFA2CF3933400C02529 /* Products */ = {
			isa = PBXGroup;
			children = (
				F2737FF92CF3933400C02529 /* BeReal_Clone_Part2.app */,
			);
			name = Products;
			sourceTree = "<group>";
		};
		F2737FFB2CF3933400C02529 /* BeReal_Clone_Part2 */ = {
			isa = PBXGroup;
			children = (
				F2737FFC2CF3933400C02529 /* BeReal_Clone_Part2App.swift */,
				F2737FFE2CF3933400C02529 /* ContentView.swift */,
				F27380002CF3933600C02529 /* Assets.xcassets */,
				F27380022CF3933600C02529 /* Preview Content */,
			);
			path = BeReal_Clone_Part2;
			sourceTree = "<group>";
		};
		F27380022CF3933600C02529 /* Preview Content */ = {
			isa = PBXGroup;
			children = (
				F27380032CF3933600C02529 /* Preview Assets.xcassets */,
			);
			path = "Preview Content";
			sourceTree = "<group>";
		};
/* End PBXGroup section */

/* Begin PBXNativeTarget section */
		F2737FF82CF3933400C02529 /* BeReal_Clone_Part2 */ = {
			isa = PBXNativeTarget;
			buildConfigurationList = F27380072CF3933600C02529 /* Build configuration list for PBXNativeTarget "BeReal_Clone_Part2" */;
			buildPhases = (
				F2737FF52CF3933400C02529 /* Sources */,
				F2737FF62CF3933400C02529 /* Frameworks */,
				F2737FF72CF3933400C02529 /* Resources */,
			);
			buildRules = (
			);
			dependencies = (
			);
			name = BeReal_Clone_Part2;
			packageProductDependencies = (
				F27380192CF394FF00C02529 /* ParseSwift */,
			);
			productName = BeReal_Clone_Part2;
			productReference = F2737FF92CF3933400C02529 /* BeReal_Clone_Part2.app */;
			productType = "com.apple.product-type.application";
		};
/* End PBXNativeTarget section */

/* Begin PBXProject section */
		F2737FF12CF3933400C02529 /* Project object */ = {
			isa = PBXProject;
			attributes = {
				BuildIndependentTargetsInParallel = 1;
				LastSwiftUpdateCheck = 1540;
				LastUpgradeCheck = 1540;
				TargetAttributes = {
					F2737FF82CF3933400C02529 = {
						CreatedOnToolsVersion = 15.4;
					};
				};
			};
			buildConfigurationList = F2737FF42CF3933400C02529 /* Build configuration list for PBXProject "BeReal_Clone_Part2" */;
			compatibilityVersion = "Xcode 14.0";
			developmentRegion = en;
			hasScannedForEncodings = 0;
			knownRegions = (
				en,
				Base,
			);
			mainGroup = F2737FF02CF3933400C02529;
			packageReferences = (
				F27380182CF394FF00C02529 /* XCRemoteSwiftPackageReference "Parse-Swift" */,
			);
			productRefGroup = F2737FFA2CF3933400C02529 /* Products */;
			projectDirPath = "";
			projectRoot = "";
			targets = (
				F2737FF82CF3933400C02529 /* BeReal_Clone_Part2 */,
			);
		};
/* End PBXProject section */

/* Begin PBXResourcesBuildPhase section */
		F2737FF72CF3933400C02529 /* Resources */ = {
			isa = PBXResourcesBuildPhase;
			buildActionMask = 2147483647;
			files = (
				F27380042CF3933600C02529 /* Preview Assets.xcassets in Resources */,
				F27380012CF3933600C02529 /* Assets.xcassets in Resources */,
			);
			runOnlyForDeploymentPostprocessing = 0;
		};
/* End PBXResourcesBuildPhase section */

/* Begin PBXSourcesBuildPhase section */
		F2737FF52CF3933400C02529 /* Sources */ = {
			isa = PBXSourcesBuildPhase;
			buildActionMask = 2147483647;
			files = (
				F273800B2CF3935800C02529 /* PostViewController.swift in Sources */,
				F2737FFF2CF3933400C02529 /* ContentView.swift in Sources */,
				F27380112CF393DA00C02529 /* User.swift in Sources */,
				F27380172CF3946100C02529 /* NotificationManager.swift in Sources */,
				F273800D2CF393A200C02529 /* FeedViewController.swift in Sources */,
				F27380152CF3942E00C02529 /* LocationManager.swift in Sources */,
				F2737FFD2CF3933400C02529 /* BeReal_Clone_Part2App.swift in Sources */,
				F27380132CF3941000C02529 /* Post.swift in Sources */,
				F273800F2CF393BE00C02529 /* PostCell.swift in Sources */,
			);
			runOnlyForDeploymentPostprocessing = 0;
		};
/* End PBXSourcesBuildPhase section */

/* Begin XCBuildConfiguration section */
		F27380052CF3933600C02529 /* Debug */ = {
			isa = XCBuildConfiguration;
			buildSettings = {
				ALWAYS_SEARCH_USER_PATHS = NO;
				ASSETCATALOG_COMPILER_GENERATE_SWIFT_ASSET_SYMBOL_EXTENSIONS = YES;
				CLANG_ANALYZER_NONNULL = YES;
				CLANG_ANALYZER_NUMBER_OBJECT_CONVERSION = YES_AGGRESSIVE;
				CLANG_CXX_LANGUAGE_STANDARD = "gnu++20";
				CLANG_ENABLE_MODULES = YES;
				CLANG_ENABLE_OBJC_ARC = YES;
				CLANG_ENABLE_OBJC_WEAK = YES;
				CLANG_WARN_BLOCK_CAPTURE_AUTORELEASING = YES;
				CLANG_WARN_BOOL_CONVERSION = YES;
				CLANG_WARN_COMMA = YES;
				CLANG_WARN_CONSTANT_CONVERSION = YES;
				CLANG_WARN_DEPRECATED_OBJC_IMPLEMENTATIONS = YES;
				CLANG_WARN_DIRECT_OBJC_ISA_USAGE = YES_ERROR;
				CLANG_WARN_DOCUMENTATION_COMMENTS = YES;
				CLANG_WARN_EMPTY_BODY = YES;
				CLANG_WARN_ENUM_CONVERSION = YES;
				CLANG_WARN_INFINITE_RECURSION = YES;
				CLANG_WARN_INT_CONVERSION = YES;
				CLANG_WARN_NON_LITERAL_NULL_CONVERSION = YES;
				CLANG_WARN_OBJC_IMPLICIT_RETAIN_SELF = YES;
				CLANG_WARN_OBJC_LITERAL_CONVERSION = YES;
				CLANG_WARN_OBJC_ROOT_CLASS = YES_ERROR;
				CLANG_WARN_QUOTED_INCLUDE_IN_FRAMEWORK_HEADER = YES;
				CLANG_WARN_RANGE_LOOP_ANALYSIS = YES;
				CLANG_WARN_STRICT_PROTOTYPES = YES;
				CLANG_WARN_SUSPICIOUS_MOVE = YES;
				CLANG_WARN_UNGUARDED_AVAILABILITY = YES_AGGRESSIVE;
				CLANG_WARN_UNREACHABLE_CODE = YES;
				CLANG_WARN__DUPLICATE_METHOD_MATCH = YES;
				COPY_PHASE_STRIP = NO;
				DEBUG_INFORMATION_FORMAT = dwarf;
				ENABLE_STRICT_OBJC_MSGSEND = YES;
				ENABLE_TESTABILITY = YES;
				ENABLE_USER_SCRIPT_SANDBOXING = YES;
				GCC_C_LANGUAGE_STANDARD = gnu17;
				GCC_DYNAMIC_NO_PIC = NO;
				GCC_NO_COMMON_BLOCKS = YES;
				GCC_OPTIMIZATION_LEVEL = 0;
				GCC_PREPROCESSOR_DEFINITIONS = (
					"DEBUG=1",
					"$(inherited)",
				);
				GCC_WARN_64_TO_32_BIT_CONVERSION = YES;
				GCC_WARN_ABOUT_RETURN_TYPE = YES_ERROR;
				GCC_WARN_UNDECLARED_SELECTOR = YES;
				GCC_WARN_UNINITIALIZED_AUTOS = YES_AGGRESSIVE;
				GCC_WARN_UNUSED_FUNCTION = YES;
				GCC_WARN_UNUSED_VARIABLE = YES;
				IPHONEOS_DEPLOYMENT_TARGET = 17.5;
				LOCALIZATION_PREFERS_STRING_CATALOGS = YES;
				MTL_ENABLE_DEBUG_INFO = INCLUDE_SOURCE;
				MTL_FAST_MATH = YES;
				ONLY_ACTIVE_ARCH = YES;
				SDKROOT = iphoneos;
				SWIFT_ACTIVE_COMPILATION_CONDITIONS = "DEBUG $(inherited)";
				SWIFT_OPTIMIZATION_LEVEL = "-Onone";
			};
			name = Debug;
		};
		F27380062CF3933600C02529 /* Release */ = {
			isa = XCBuildConfiguration;
			buildSettings = {
				ALWAYS_SEARCH_USER_PATHS = NO;
				ASSETCATALOG_COMPILER_GENERATE_SWIFT_ASSET_SYMBOL_EXTENSIONS = YES;
				CLANG_ANALYZER_NONNULL = YES;
				CLANG_ANALYZER_NUMBER_OBJECT_CONVERSION = YES_AGGRESSIVE;
				CLANG_CXX_LANGUAGE_STANDARD = "gnu++20";
				CLANG_ENABLE_MODULES = YES;
				CLANG_ENABLE_OBJC_ARC = YES;
				CLANG_ENABLE_OBJC_WEAK = YES;
				CLANG_WARN_BLOCK_CAPTURE_AUTORELEASING = YES;
				CLANG_WARN_BOOL_CONVERSION = YES;
				CLANG_WARN_COMMA = YES;
				CLANG_WARN_CONSTANT_CONVERSION = YES;
				CLANG_WARN_DEPRECATED_OBJC_IMPLEMENTATIONS = YES;
				CLANG_WARN_DIRECT_OBJC_ISA_USAGE = YES_ERROR;
				CLANG_WARN_DOCUMENTATION_COMMENTS = YES;
				CLANG_WARN_EMPTY_BODY = YES;
				CLANG_WARN_ENUM_CONVERSION = YES;
				CLANG_WARN_INFINITE_RECURSION = YES;
				CLANG_WARN_INT_CONVERSION = YES;
				CLANG_WARN_NON_LITERAL_NULL_CONVERSION = YES;
				CLANG_WARN_OBJC_IMPLICIT_RETAIN_SELF = YES;
				CLANG_WARN_OBJC_LITERAL_CONVERSION = YES;
				CLANG_WARN_OBJC_ROOT_CLASS = YES_ERROR;
				CLANG_WARN_QUOTED_INCLUDE_IN_FRAMEWORK_HEADER = YES;
				CLANG_WARN_RANGE_LOOP_ANALYSIS = YES;
				CLANG_WARN_STRICT_PROTOTYPES = YES;
				CLANG_WARN_SUSPICIOUS_MOVE = YES;
				CLANG_WARN_UNGUARDED_AVAILABILITY = YES_AGGRESSIVE;
				CLANG_WARN_UNREACHABLE_CODE = YES;
				CLANG_WARN__DUPLICATE_METHOD_MATCH = YES;
				COPY_PHASE_STRIP = NO;
				DEBUG_INFORMATION_FORMAT = "dwarf-with-dsym";
				ENABLE_NS_ASSERTIONS = NO;
				ENABLE_STRICT_OBJC_MSGSEND = YES;
				ENABLE_USER_SCRIPT_SANDBOXING = YES;
				GCC_C_LANGUAGE_STANDARD = gnu17;
				GCC_NO_COMMON_BLOCKS = YES;
				GCC_WARN_64_TO_32_BIT_CONVERSION = YES;
				GCC_WARN_ABOUT_RETURN_TYPE = YES_ERROR;
				GCC_WARN_UNDECLARED_SELECTOR = YES;
				GCC_WARN_UNINITIALIZED_AUTOS = YES_AGGRESSIVE;
				GCC_WARN_UNUSED_FUNCTION = YES;
				GCC_WARN_UNUSED_VARIABLE = YES;
				IPHONEOS_DEPLOYMENT_TARGET = 17.5;
				LOCALIZATION_PREFERS_STRING_CATALOGS = YES;
				MTL_ENABLE_DEBUG_INFO = NO;
				MTL_FAST_MATH = YES;
				SDKROOT = iphoneos;
				SWIFT_COMPILATION_MODE = wholemodule;
				VALIDATE_PRODUCT = YES;
			};
			name = Release;
		};
		F27380082CF3933600C02529 /* Debug */ = {
			isa = XCBuildConfiguration;
			buildSettings = {
				ASSETCATALOG_COMPILER_APPICON_NAME = AppIcon;
				ASSETCATALOG_COMPILER_GLOBAL_ACCENT_COLOR_NAME = AccentColor;
				CODE_SIGN_STYLE = Automatic;
				CURRENT_PROJECT_VERSION = 1;
				DEVELOPMENT_ASSET_PATHS = "\"BeReal_Clone_Part2/Preview Content\"";
				ENABLE_PREVIEWS = YES;
				GENERATE_INFOPLIST_FILE = YES;
				INFOPLIST_KEY_UIApplicationSceneManifest_Generation = YES;
				INFOPLIST_KEY_UIApplicationSupportsIndirectInputEvents = YES;
				INFOPLIST_KEY_UILaunchScreen_Generation = YES;
				INFOPLIST_KEY_UISupportedInterfaceOrientations_iPad = "UIInterfaceOrientationPortrait UIInterfaceOrientationPortraitUpsideDown UIInterfaceOrientationLandscapeLeft UIInterfaceOrientationLandscapeRight";
				INFOPLIST_KEY_UISupportedInterfaceOrientations_iPhone = "UIInterfaceOrientationPortrait UIInterfaceOrientationLandscapeLeft UIInterfaceOrientationLandscapeRight";
				LD_RUNPATH_SEARCH_PATHS = (
					"$(inherited)",
					"@executable_path/Frameworks",
				);
				MARKETING_VERSION = 1.0;
				PRODUCT_BUNDLE_IDENTIFIER = "ios.zp.fiu.edu.BeReal-Clone-Part2";
				PRODUCT_NAME = "$(TARGET_NAME)";
				SWIFT_EMIT_LOC_STRINGS = YES;
				SWIFT_VERSION = 5.0;
				TARGETED_DEVICE_FAMILY = "1,2";
			};
			name = Debug;
		};
		F27380092CF3933600C02529 /* Release */ = {
			isa = XCBuildConfiguration;
			buildSettings = {
				ASSETCATALOG_COMPILER_APPICON_NAME = AppIcon;
				ASSETCATALOG_COMPILER_GLOBAL_ACCENT_COLOR_NAME = AccentColor;
				CODE_SIGN_STYLE = Automatic;
				CURRENT_PROJECT_VERSION = 1;
				DEVELOPMENT_ASSET_PATHS = "\"BeReal_Clone_Part2/Preview Content\"";
				ENABLE_PREVIEWS = YES;
				GENERATE_INFOPLIST_FILE = YES;
				INFOPLIST_KEY_UIApplicationSceneManifest_Generation = YES;
				INFOPLIST_KEY_UIApplicationSupportsIndirectInputEvents = YES;
				INFOPLIST_KEY_UILaunchScreen_Generation = YES;
				INFOPLIST_KEY_UISupportedInterfaceOrientations_iPad = "UIInterfaceOrientationPortrait UIInterfaceOrientationPortraitUpsideDown UIInterfaceOrientationLandscapeLeft UIInterfaceOrientationLandscapeRight";
				INFOPLIST_KEY_UISupportedInterfaceOrientations_iPhone = "UIInterfaceOrientationPortrait UIInterfaceOrientationLandscapeLeft UIInterfaceOrientationLandscapeRight";
				LD_RUNPATH_SEARCH_PATHS = (
					"$(inherited)",
					"@executable_path/Frameworks",
				);
				MARKETING_VERSION = 1.0;
				PRODUCT_BUNDLE_IDENTIFIER = "ios.zp.fiu.edu.BeReal-Clone-Part2";
				PRODUCT_NAME = "$(TARGET_NAME)";
				SWIFT_EMIT_LOC_STRINGS = YES;
				SWIFT_VERSION = 5.0;
				TARGETED_DEVICE_FAMILY = "1,2";
			};
			name = Release;
		};
/* End XCBuildConfiguration section */

/* Begin XCConfigurationList section */
		F2737FF42CF3933400C02529 /* Build configuration list for PBXProject "BeReal_Clone_Part2" */ = {
			isa = XCConfigurationList;
			buildConfigurations = (
				F27380052CF3933600C02529 /* Debug */,
				F27380062CF3933600C02529 /* Release */,
			);
			defaultConfigurationIsVisible = 0;
			defaultConfigurationName = Release;
		};
		F27380072CF3933600C02529 /* Build configuration list for PBXNativeTarget "BeReal_Clone_Part2" */ = {
			isa = XCConfigurationList;
			buildConfigurations = (
				F27380082CF3933600C02529 /* Debug */,
				F27380092CF3933600C02529 /* Release */,
			);
			defaultConfigurationIsVisible = 0;
			defaultConfigurationName = Release;
		};
/* End XCConfigurationList section */

/* Begin XCRemoteSwiftPackageReference section */
		F27380182CF394FF00C02529 /* XCRemoteSwiftPackageReference "Parse-Swift" */ = {
			isa = XCRemoteSwiftPackageReference;
			repositoryURL = "https://github.com/parse-community/Parse-Swift";
			requirement = {
				kind = upToNextMajorVersion;
				minimumVersion = 4.14.2;
			};
		};
/* End XCRemoteSwiftPackageReference section */

/* Begin XCSwiftPackageProductDependency section */
		F27380192CF394FF00C02529 /* ParseSwift */ = {
			isa = XCSwiftPackageProductDependency;
			package = F27380182CF394FF00C02529 /* XCRemoteSwiftPackageReference "Parse-Swift" */;
			productName = ParseSwift;
		};
/* End XCSwiftPackageProductDependency section */
	};
	rootObject = F2737FF12CF3933400C02529 /* Project object */;
}
